
Microsoft Visual Studio Solution File, Format Version 12.00
# Visual Studio Version 17
VisualStudioVersion = 17.1.32319.34
MinimumVisualStudioVersion = 10.0.40219.1
Project("{FAE04EC0-301F-11D3-BF4B-00C04F79EFBC}") = "OrderManager", "OrderManager\OrderManager.csproj", "{75DCF746-58FD-449C-A43A-C68806AF52C8}"
EndProject
Global
	GlobalSection(SolutionConfigurationPlatforms) = preSolution
		Debug|Any CPU = Debug|Any CPU
		Release|Any CPU = Release|Any CPU
	EndGlobalSection
	GlobalSection(ProjectConfigurationPlatforms) = postSolution
		{75DCF746-58FD-449C-A43A-C68806AF52C8}.Debug|Any CPU.ActiveCfg = Debug|Any CPU
		{75DCF746-58FD-449C-A43A-C68806AF52C8}.Debug|Any CPU.Build.0 = Debug|Any CPU
		{75DCF746-58FD-449C-A43A-C68806AF52C8}.Release|Any CPU.ActiveCfg = Release|Any CPU
		{75DCF746-58FD-449C-A43A-C68806AF52C8}.Release|Any CPU.Build.0 = Release|Any CPU
	EndGlobalSection
	GlobalSection(SolutionProperties) = preSolution
		HideSolutionNode = FALSE
	EndGlobalSection
	GlobalSection(ExtensibilityGlobals) = postSolution
		SolutionGuid = {EC8F0DED-D1EB-43CD-871D-99D342723CDD}
	EndGlobalSection
EndGlobal
